
Microsoft Visual Studio Solution File, Format Version 12.00
# Visual Studio Version 17
VisualStudioVersion = 17.8.34525.116
MinimumVisualStudioVersion = 10.0.40219.1
Project("{FAE04EC0-301F-11D3-BF4B-00C04F79EFBC}") = "Odev1", "Odev1.csproj", "{08A2775B-D655-473C-9259-C8074A418C72}"
EndProject
Global
	GlobalSection(SolutionConfigurationPlatforms) = preSolution
		Debug|Any CPU = Debug|Any CPU
		Release|Any CPU = Release|Any CPU
	EndGlobalSection
	GlobalSection(ProjectConfigurationPlatforms) = postSolution
		{08A2775B-D655-473C-9259-C8074A418C72}.Debug|Any CPU.ActiveCfg = Debug|Any CPU
		{08A2775B-D655-473C-9259-C8074A418C72}.Debug|Any CPU.Build.0 = Debug|Any CPU
		{08A2775B-D655-473C-9259-C8074A418C72}.Release|Any CPU.ActiveCfg = Release|Any CPU
		{08A2775B-D655-473C-9259-C8074A418C72}.Release|Any CPU.Build.0 = Release|Any CPU
	EndGlobalSection
	GlobalSection(SolutionProperties) = preSolution
		HideSolutionNode = FALSE
	EndGlobalSection
	GlobalSection(ExtensibilityGlobals) = postSolution
		SolutionGuid = {D81E0A1D-B345-44D1-ABC0-3700A641F2AA}
	EndGlobalSection
EndGlobal
